
Microsoft Visual Studio Solution File, Format Version 12.00
# Visual Studio Version 16
VisualStudioVersion = 16.0.31025.194
MinimumVisualStudioVersion = 10.0.40219.1
Project("{FAE04EC0-301F-11D3-BF4B-00C04F79EFBC}") = "HomeWork3_2", "HomeWork3_2.csproj", "{1F02F02B-284C-412E-BF0C-190BC22FAD83}"
EndProject
Global
	GlobalSection(SolutionConfigurationPlatforms) = preSolution
		Debug|Any CPU = Debug|Any CPU
		Release|Any CPU = Release|Any CPU
	EndGlobalSection
	GlobalSection(ProjectConfigurationPlatforms) = postSolution
		{1F02F02B-284C-412E-BF0C-190BC22FAD83}.Debug|Any CPU.ActiveCfg = Debug|Any CPU
		{1F02F02B-284C-412E-BF0C-190BC22FAD83}.Debug|Any CPU.Build.0 = Debug|Any CPU
		{1F02F02B-284C-412E-BF0C-190BC22FAD83}.Release|Any CPU.ActiveCfg = Release|Any CPU
		{1F02F02B-284C-412E-BF0C-190BC22FAD83}.Release|Any CPU.Build.0 = Release|Any CPU
	EndGlobalSection
	GlobalSection(SolutionProperties) = preSolution
		HideSolutionNode = FALSE
	EndGlobalSection
	GlobalSection(ExtensibilityGlobals) = postSolution
		SolutionGuid = {2BA5660E-2E45-4778-A289-A75747BEEF1B}
	EndGlobalSection
EndGlobal
