
Microsoft Visual Studio Solution File, Format Version 12.00
# Visual Studio Version 16
VisualStudioVersion = 16.0.31025.194
MinimumVisualStudioVersion = 10.0.40219.1
Project("{FAE04EC0-301F-11D3-BF4B-00C04F79EFBC}") = "HomeWork1_2", "HomeWork1_2.csproj", "{CD434482-287F-4DC7-9D9E-17E4A064C46C}"
EndProject
Global
	GlobalSection(SolutionConfigurationPlatforms) = preSolution
		Debug|Any CPU = Debug|Any CPU
		Release|Any CPU = Release|Any CPU
	EndGlobalSection
	GlobalSection(ProjectConfigurationPlatforms) = postSolution
		{CD434482-287F-4DC7-9D9E-17E4A064C46C}.Debug|Any CPU.ActiveCfg = Debug|Any CPU
		{CD434482-287F-4DC7-9D9E-17E4A064C46C}.Debug|Any CPU.Build.0 = Debug|Any CPU
		{CD434482-287F-4DC7-9D9E-17E4A064C46C}.Release|Any CPU.ActiveCfg = Release|Any CPU
		{CD434482-287F-4DC7-9D9E-17E4A064C46C}.Release|Any CPU.Build.0 = Release|Any CPU
	EndGlobalSection
	GlobalSection(SolutionProperties) = preSolution
		HideSolutionNode = FALSE
	EndGlobalSection
	GlobalSection(ExtensibilityGlobals) = postSolution
		SolutionGuid = {556C280B-56D2-4374-9459-052382C28295}
	EndGlobalSection
EndGlobal
